
Microsoft Visual Studio Solution File, Format Version 12.00
# Visual Studio Version 17
VisualStudioVersion = 17.10.34928.147
MinimumVisualStudioVersion = 10.0.40219.1
Project("{FAE04EC0-301F-11D3-BF4B-00C04F79EFBC}") = "SquirrrelHouse", "SquirrrelHouse.csproj", "{7334533E-5481-4762-B627-5529371BF630}"
EndProject
Global
	GlobalSection(SolutionConfigurationPlatforms) = preSolution
		Debug|Any CPU = Debug|Any CPU
		Release|Any CPU = Release|Any CPU
	EndGlobalSection
	GlobalSection(ProjectConfigurationPlatforms) = postSolution
		{7334533E-5481-4762-B627-5529371BF630}.Debug|Any CPU.ActiveCfg = Debug|Any CPU
		{7334533E-5481-4762-B627-5529371BF630}.Debug|Any CPU.Build.0 = Debug|Any CPU
		{7334533E-5481-4762-B627-5529371BF630}.Release|Any CPU.ActiveCfg = Release|Any CPU
		{7334533E-5481-4762-B627-5529371BF630}.Release|Any CPU.Build.0 = Release|Any CPU
	EndGlobalSection
	GlobalSection(SolutionProperties) = preSolution
		HideSolutionNode = FALSE
	EndGlobalSection
	GlobalSection(ExtensibilityGlobals) = postSolution
		SolutionGuid = {870A4E5A-270C-46EC-8BF0-07DC697E06AB}
	EndGlobalSection
EndGlobal
